
Microsoft Visual Studio Solution File, Format Version 12.00
# Visual Studio Version 17
VisualStudioVersion = 17.0.32014.148
MinimumVisualStudioVersion = 10.0.40219.1
Project("{FAE04EC0-301F-11D3-BF4B-00C04F79EFBC}") = "CheckoutKata", "CheckoutKata\CheckoutKata.csproj", "{10A1532D-14F8-4A63-B27F-74224750E764}"
EndProject
Project("{FAE04EC0-301F-11D3-BF4B-00C04F79EFBC}") = "CheckoutKata.Unit.Tests", "CheckoutKata.Tests\CheckoutKata.Unit.Tests.csproj", "{7FBF269E-8999-4424-8625-AF4A25137466}"
EndProject
Global
	GlobalSection(SolutionConfigurationPlatforms) = preSolution
		Debug|Any CPU = Debug|Any CPU
		Release|Any CPU = Release|Any CPU
	EndGlobalSection
	GlobalSection(ProjectConfigurationPlatforms) = postSolution
		{10A1532D-14F8-4A63-B27F-74224750E764}.Debug|Any CPU.ActiveCfg = Debug|Any CPU
		{10A1532D-14F8-4A63-B27F-74224750E764}.Debug|Any CPU.Build.0 = Debug|Any CPU
		{10A1532D-14F8-4A63-B27F-74224750E764}.Release|Any CPU.ActiveCfg = Release|Any CPU
		{10A1532D-14F8-4A63-B27F-74224750E764}.Release|Any CPU.Build.0 = Release|Any CPU
		{7FBF269E-8999-4424-8625-AF4A25137466}.Debug|Any CPU.ActiveCfg = Debug|Any CPU
		{7FBF269E-8999-4424-8625-AF4A25137466}.Debug|Any CPU.Build.0 = Debug|Any CPU
		{7FBF269E-8999-4424-8625-AF4A25137466}.Release|Any CPU.ActiveCfg = Release|Any CPU
		{7FBF269E-8999-4424-8625-AF4A25137466}.Release|Any CPU.Build.0 = Release|Any CPU
	EndGlobalSection
	GlobalSection(SolutionProperties) = preSolution
		HideSolutionNode = FALSE
	EndGlobalSection
	GlobalSection(ExtensibilityGlobals) = postSolution
		SolutionGuid = {480E99AE-F230-4FDB-934B-3FEC30262999}
	EndGlobalSection
EndGlobal
